PODS:
  - CustomUISwitch (1.0.0)

DEPENDENCIES:
  - CustomUISwitch

SPEC REPOS:
  http://git.plavatvornica.com/factory/iOS/podspec.git:
    - CustomUISwitch

SPEC CHECKSUMS:
  CustomUISwitch: f0bc2244d82f45c348e0e190ae6126fef110a69b

PODFILE CHECKSUM: 08208c222064d7000a3896ecd6f47d2be623835c

COCOAPODS: 1.6.1
