// !$*UTF8*$!
{
	archiveVersion = 1;
	classes = {
	};
	objectVersion = 46;
	objects = {

/* Begin PBXBuildFile section */
		2CCB91D41E02978D00E32D7E /* AppDelegate.swift in Sources */ = {isa = PBXBuildFile; fileRef = 2CCB91D31E02978D00E32D7E /* AppDelegate.swift */; };
		2CCB91D61E02978D00E32D7E /* ViewController.swift in Sources */ = {isa = PBXBuildFile; fileRef = 2CCB91D51E02978D00E32D7E /* ViewController.swift */; };
		2CCB91D91E02978D00E32D7E /* Main.storyboard in Resources */ = {isa = PBXBuildFile; fileRef = 2CCB91D71E02978D00E32D7E /* Main.storyboard */; };
		2CCB91DB1E02978D00E32D7E /* Assets.xcassets in Resources */ = {isa = PBXBuildFile; fileRef = 2CCB91DA1E02978D00E32D7E /* Assets.xcassets */; };
		2CCB91DE1E02978D00E32D7E /* LaunchScreen.storyboard in Resources */ = {isa = PBXBuildFile; fileRef = 2CCB91DC1E02978D00E32D7E /* LaunchScreen.storyboard */; };
		2CCB91FC1E029D2200E32D7E /* CustomSwitch.swift in Sources */ = {isa = PBXBuildFile; fileRef = 2CCB91FB1E029D2200E32D7E /* CustomSwitch.swift */; };
/* End PBXBuildFile section */

/* Begin PBXFileReference section */
		2CCB91D01E02978D00E32D7E /* CustomSwitch.app */ = {isa = PBXFileReference; explicitFileType = wrapper.application; includeInIndex = 0; path = CustomSwitch.app; sourceTree = BUILT_PRODUCTS_DIR; };
		2CCB91D31E02978D00E32D7E /* AppDelegate.swift */ = {isa = PBXFileReference; lastKnownFileType = sourcecode.swift; path = AppDelegate.swift; sourceTree = "<group>"; };
		2CCB91D51E02978D00E32D7E /* ViewController.swift */ = {isa = PBXFileReference; lastKnownFileType = sourcecode.swift; path = ViewController.swift; sourceTree = "<group>"; };
		2CCB91D81E02978D00E32D7E /* Base */ = {isa = PBXFileReference; lastKnownFileType = file.storyboard; name = Base; path = Base.lproj/Main.storyboard; sourceTree = "<group>"; };
		2CCB91DA1E02978D00E32D7E /* Assets.xcassets */ = {isa = PBXFileReference; lastKnownFileType = folder.assetcatalog; path = Assets.xcassets; sourceTree = "<group>"; };
		2CCB91DD1E02978D00E32D7E /* Base */ = {isa = PBXFileReference; lastKnownFileType = file.storyboard; name = Base; path = Base.lproj/LaunchScreen.storyboard; sourceTree = "<group>"; };
		2CCB91DF1E02978D00E32D7E /* Info.plist */ = {isa = PBXFileReference; lastKnownFileType = text.plist.xml; path = Info.plist; sourceTree = "<group>"; };
		2CCB91FB1E029D2200E32D7E /* CustomSwitch.swift */ = {isa = PBXFileReference; fileEncoding = 4; lastKnownFileType = sourcecode.swift; path = CustomSwitch.swift; sourceTree = "<group>"; };
/* End PBXFileReference section */

/* Begin PBXFrameworksBuildPhase section */
		2CCB91CD1E02978D00E32D7E /* Frameworks */ = {
			isa = PBXFrameworksBuildPhase;
			buildActionMask = 2147483647;
			files = (
			);
			runOnlyForDeploymentPostprocessing = 0;
		};
/* End PBXFrameworksBuildPhase section */

/* Begin PBXGroup section */
		2CCB91C71E02978D00E32D7E = {
			isa = PBXGroup;
			children = (
				2CCB91D21E02978D00E32D7E /* CustomSwitch */,
				2CCB91D11E02978D00E32D7E /* Products */,
			);
			sourceTree = "<group>";
		};
		2CCB91D11E02978D00E32D7E /* Products */ = {
			isa = PBXGroup;
			children = (
				2CCB91D01E02978D00E32D7E /* CustomSwitch.app */,
			);
			name = Products;
			sourceTree = "<group>";
		};
		2CCB91D21E02978D00E32D7E /* CustomSwitch */ = {
			isa = PBXGroup;
			children = (
				2CCE3BAD1E03ECFA00D37EBD /* CustomSwitch */,
				2CCB91D31E02978D00E32D7E /* AppDelegate.swift */,
				2CCB91D51E02978D00E32D7E /* ViewController.swift */,
				2CCB91D71E02978D00E32D7E /* Main.storyboard */,
				2CCB91DA1E02978D00E32D7E /* Assets.xcassets */,
				2CCB91DC1E02978D00E32D7E /* LaunchScreen.storyboard */,
				2CCB91DF1E02978D00E32D7E /* Info.plist */,
			);
			path = CustomSwitch;
			sourceTree = "<group>";
		};
		2CCE3BAD1E03ECFA00D37EBD /* CustomSwitch */ = {
			isa = PBXGroup;
			children = (
				2CCB91FB1E029D2200E32D7E /* CustomSwitch.swift */,
			);
			name = CustomSwitch;
			sourceTree = "<group>";
		};
/* End PBXGroup section */

/* Begin PBXNativeTarget section */
		2CCB91CF1E02978D00E32D7E /* CustomSwitch */ = {
			isa = PBXNativeTarget;
			buildConfigurationList = 2CCB91E21E02978D00E32D7E /* Build configuration list for PBXNativeTarget "CustomSwitch" */;
			buildPhases = (
				2CCB91CC1E02978D00E32D7E /* Sources */,
				2CCB91CD1E02978D00E32D7E /* Frameworks */,
				2CCB91CE1E02978D00E32D7E /* Resources */,
			);
			buildRules = (
			);
			dependencies = (
			);
			name = CustomSwitch;
			productName = CustomSwitch;
			productReference = 2CCB91D01E02978D00E32D7E /* CustomSwitch.app */;
			productType = "com.apple.product-type.application";
		};
/* End PBXNativeTarget section */

/* Begin PBXProject section */
		2CCB91C81E02978D00E32D7E /* Project object */ = {
			isa = PBXProject;
			attributes = {
				LastSwiftUpdateCheck = 0820;
				LastUpgradeCheck = 0820;
				ORGANIZATIONNAME = "Ivan Kovacevic";
				TargetAttributes = {
					2CCB91CF1E02978D00E32D7E = {
						CreatedOnToolsVersion = 8.2;
						ProvisioningStyle = Automatic;
					};
				};
			};
			buildConfigurationList = 2CCB91CB1E02978D00E32D7E /* Build configuration list for PBXProject "CustomSwitch" */;
			compatibilityVersion = "Xcode 3.2";
			developmentRegion = English;
			hasScannedForEncodings = 0;
			knownRegions = (
				en,
				Base,
			);
			mainGroup = 2CCB91C71E02978D00E32D7E;
			productRefGroup = 2CCB91D11E02978D00E32D7E /* Products */;
			projectDirPath = "";
			projectRoot = "";
			targets = (
				2CCB91CF1E02978D00E32D7E /* CustomSwitch */,
			);
		};
/* End PBXProject section */

/* Begin PBXResourcesBuildPhase section */
		2CCB91CE1E02978D00E32D7E /* Resources */ = {
			isa = PBXResourcesBuildPhase;
			buildActionMask = 2147483647;
			files = (
				2CCB91DE1E02978D00E32D7E /* LaunchScreen.storyboard in Resources */,
				2CCB91DB1E02978D00E32D7E /* Assets.xcassets in Resources */,
				2CCB91D91E02978D00E32D7E /* Main.storyboard in Resources */,
			);
			runOnlyForDeploymentPostprocessing = 0;
		};
/* End PBXResourcesBuildPhase section */

/* Begin PBXSourcesBuildPhase section */
		2CCB91CC1E02978D00E32D7E /* Sources */ = {
			isa = PBXSourcesBuildPhase;
			buildActionMask = 2147483647;
			files = (
				2CCB91FC1E029D2200E32D7E /* CustomSwitch.swift in Sources */,
				2CCB91D61E02978D00E32D7E /* ViewController.swift in Sources */,
				2CCB91D41E02978D00E32D7E /* AppDelegate.swift in Sources */,
			);
			runOnlyForDeploymentPostprocessing = 0;
		};
/* End PBXSourcesBuildPhase section */

/* Begin PBXVariantGroup section */
		2CCB91D71E02978D00E32D7E /* Main.storyboard */ = {
			isa = PBXVariantGroup;
			children = (
				2CCB91D81E02978D00E32D7E /* Base */,
			);
			name = Main.storyboard;
			sourceTree = "<group>";
		};
		2CCB91DC1E02978D00E32D7E /* LaunchScreen.storyboard */ = {
			isa = PBXVariantGroup;
			children = (
				2CCB91DD1E02978D00E32D7E /* Base */,
			);
			name = LaunchScreen.storyboard;
			sourceTree = "<group>";
		};
/* End PBXVariantGroup section */

/* Begin XCBuildConfiguration section */
		2CCB91E01E02978D00E32D7E /* Debug */ = {
			isa = XCBuildConfiguration;
			buildSettings = {
				ALWAYS_SEARCH_USER_PATHS = NO;
				CLANG_ANALYZER_NONNULL = YES;
				CLANG_CXX_LANGUAGE_STANDARD = "gnu++0x";
				CLANG_CXX_LIBRARY = "libc++";
				CLANG_ENABLE_MODULES = YES;
				CLANG_ENABLE_OBJC_ARC = YES;
				CLANG_WARN_BOOL_CONVERSION = YES;
				CLANG_WARN_CONSTANT_CONVERSION = YES;
				CLANG_WARN_DIRECT_OBJC_ISA_USAGE = YES_ERROR;
				CLANG_WARN_DOCUMENTATION_COMMENTS = YES;
				CLANG_WARN_EMPTY_BODY = YES;
				CLANG_WARN_ENUM_CONVERSION = YES;
				CLANG_WARN_INFINITE_RECURSION = YES;
				CLANG_WARN_INT_CONVERSION = YES;
				CLANG_WARN_OBJC_ROOT_CLASS = YES_ERROR;
				CLANG_WARN_SUSPICIOUS_MOVE = YES;
				CLANG_WARN_UNREACHABLE_CODE = YES;
				CLANG_WARN__DUPLICATE_METHOD_MATCH = YES;
				"CODE_SIGN_IDENTITY[sdk=iphoneos*]" = "iPhone Developer";
				COPY_PHASE_STRIP = NO;
				DEBUG_INFORMATION_FORMAT = dwarf;
				ENABLE_STRICT_OBJC_MSGSEND = YES;
				ENABLE_TESTABILITY = YES;
				GCC_C_LANGUAGE_STANDARD = gnu99;
				GCC_DYNAMIC_NO_PIC = NO;
				GCC_NO_COMMON_BLOCKS = YES;
				GCC_OPTIMIZATION_LEVEL = 0;
				GCC_PREPROCESSOR_DEFINITIONS = (
					"DEBUG=1",
					"$(inherited)",
				);
				GCC_WARN_64_TO_32_BIT_CONVERSION = YES;
				GCC_WARN_ABOUT_RETURN_TYPE = YES_ERROR;
				GCC_WARN_UNDECLARED_SELECTOR = YES;
				GCC_WARN_UNINITIALIZED_AUTOS = YES_AGGRESSIVE;
				GCC_WARN_UNUSED_FUNCTION = YES;
				GCC_WARN_UNUSED_VARIABLE = YES;
				IPHONEOS_DEPLOYMENT_TARGET = 10.2;
				MTL_ENABLE_DEBUG_INFO = YES;
				ONLY_ACTIVE_ARCH = YES;
				SDKROOT = iphoneos;
				SWIFT_ACTIVE_COMPILATION_CONDITIONS = DEBUG;
				SWIFT_OPTIMIZATION_LEVEL = "-Onone";
			};
			name = Debug;
		};
		2CCB91E11E02978D00E32D7E /* Release */ = {
			isa = XCBuildConfiguration;
			buildSettings = {
				ALWAYS_SEARCH_USER_PATHS = NO;
				CLANG_ANALYZER_NONNULL = YES;
				CLANG_CXX_LANGUAGE_STANDARD = "gnu++0x";
				CLANG_CXX_LIBRARY = "libc++";
				CLANG_ENABLE_MODULES = YES;
				CLANG_ENABLE_OBJC_ARC = YES;
				CLANG_WARN_BOOL_CONVERSION = YES;
				CLANG_WARN_CONSTANT_CONVERSION = YES;
				CLANG_WARN_DIRECT_OBJC_ISA_USAGE = YES_ERROR;
				CLANG_WARN_DOCUMENTATION_COMMENTS = YES;
				CLANG_WARN_EMPTY_BODY = YES;
				CLANG_WARN_ENUM_CONVERSION = YES;
				CLANG_WARN_INFINITE_RECURSION = YES;
				CLANG_WARN_INT_CONVERSION = YES;
				CLANG_WARN_OBJC_ROOT_CLASS = YES_ERROR;
				CLANG_WARN_SUSPICIOUS_MOVE = YES;
				CLANG_WARN_UNREACHABLE_CODE = YES;
				CLANG_WARN__DUPLICATE_METHOD_MATCH = YES;
				"CODE_SIGN_IDENTITY[sdk=iphoneos*]" = "iPhone Developer";
				COPY_PHASE_STRIP = NO;
				DEBUG_INFORMATION_FORMAT = "dwarf-with-dsym";
				ENABLE_NS_ASSERTIONS = NO;
				ENABLE_STRICT_OBJC_MSGSEND = YES;
				GCC_C_LANGUAGE_STANDARD = gnu99;
				GCC_NO_COMMON_BLOCKS = YES;
				GCC_WARN_64_TO_32_BIT_CONVERSION = YES;
				GCC_WARN_ABOUT_RETURN_TYPE = YES_ERROR;
				GCC_WARN_UNDECLARED_SELECTOR = YES;
				GCC_WARN_UNINITIALIZED_AUTOS = YES_AGGRESSIVE;
				GCC_WARN_UNUSED_FUNCTION = YES;
				GCC_WARN_UNUSED_VARIABLE = YES;
				IPHONEOS_DEPLOYMENT_TARGET = 10.2;
				MTL_ENABLE_DEBUG_INFO = NO;
				SDKROOT = iphoneos;
				SWIFT_OPTIMIZATION_LEVEL = "-Owholemodule";
				VALIDATE_PRODUCT = YES;
			};
			name = Release;
		};
		2CCB91E31E02978D00E32D7E /* Debug */ = {
			isa = XCBuildConfiguration;
			buildSettings = {
				ASSETCATALOG_COMPILER_APPICON_NAME = AppIcon;
				INFOPLIST_FILE = CustomSwitch/Info.plist;
				LD_RUNPATH_SEARCH_PATHS = "$(inherited) @executable_path/Frameworks";
				PRODUCT_BUNDLE_IDENTIFIER = BF.CustomSwitch;
				PRODUCT_NAME = "$(TARGET_NAME)";
				SWIFT_OBJC_BRIDGING_HEADER = "";
				SWIFT_VERSION = 3.0;
			};
			name = Debug;
		};
		2CCB91E41E02978D00E32D7E /* Release */ = {
			isa = XCBuildConfiguration;
			buildSettings = {
				ASSETCATALOG_COMPILER_APPICON_NAME = AppIcon;
				INFOPLIST_FILE = CustomSwitch/Info.plist;
				LD_RUNPATH_SEARCH_PATHS = "$(inherited) @executable_path/Frameworks";
				PRODUCT_BUNDLE_IDENTIFIER = BF.CustomSwitch;
				PRODUCT_NAME = "$(TARGET_NAME)";
				SWIFT_OBJC_BRIDGING_HEADER = "";
				SWIFT_VERSION = 3.0;
			};
			name = Release;
		};
/* End XCBuildConfiguration section */

/* Begin XCConfigurationList section */
		2CCB91CB1E02978D00E32D7E /* Build configuration list for PBXProject "CustomSwitch" */ = {
			isa = XCConfigurationList;
			buildConfigurations = (
				2CCB91E01E02978D00E32D7E /* Debug */,
				2CCB91E11E02978D00E32D7E /* Release */,
			);
			defaultConfigurationIsVisible = 0;
			defaultConfigurationName = Release;
		};
		2CCB91E21E02978D00E32D7E /* Build configuration list for PBXNativeTarget "CustomSwitch" */ = {
			isa = XCConfigurationList;
			buildConfigurations = (
				2CCB91E31E02978D00E32D7E /* Debug */,
				2CCB91E41E02978D00E32D7E /* Release */,
			);
			defaultConfigurationIsVisible = 0;
			defaultConfigurationName = Release;
		};
/* End XCConfigurationList section */
	};
	rootObject = 2CCB91C81E02978D00E32D7E /* Project object */;
}
